// !$*UTF8*$!
{
	archiveVersion = 1;
	classes = {
	};
	objectVersion = 46;
	objects = {

/* Begin PBXBuildFile section */
		0A32E9031DE9C97000DA79E1 /* FeedVC.swift in Sources */ = {isa = PBXBuildFile; fileRef = 0A32E9021DE9C97000DA79E1 /* FeedVC.swift */; };
		0A8E703E1DE20A2B00147756 /* AppDelegate.swift in Sources */ = {isa = PBXBuildFile; fileRef = 0A8E703D1DE20A2B00147756 /* AppDelegate.swift */; };
		0A8E70401DE20A2B00147756 /* SignInVC.swift in Sources */ = {isa = PBXBuildFile; fileRef = 0A8E703F1DE20A2B00147756 /* SignInVC.swift */; };
		0A8E70431DE20A2B00147756 /* Main.storyboard in Resources */ = {isa = PBXBuildFile; fileRef = 0A8E70411DE20A2B00147756 /* Main.storyboard */; };
		0A8E70451DE20A2B00147756 /* Assets.xcassets in Resources */ = {isa = PBXBuildFile; fileRef = 0A8E70441DE20A2B00147756 /* Assets.xcassets */; };
		0A8E70481DE20A2B00147756 /* LaunchScreen.storyboard in Resources */ = {isa = PBXBuildFile; fileRef = 0A8E70461DE20A2B00147756 /* LaunchScreen.storyboard */; };
		0A8E70501DE20ADA00147756 /* GoogleService-Info.plist in Resources */ = {isa = PBXBuildFile; fileRef = 0A8E704F1DE20ADA00147756 /* GoogleService-Info.plist */; };
		0A99E9A01DEC60B80003E288 /* DataService.swift in Sources */ = {isa = PBXBuildFile; fileRef = 0A99E99F1DEC60B80003E288 /* DataService.swift */; };
		0AAA95221DEB1D89008E7EA7 /* CircleView.swift in Sources */ = {isa = PBXBuildFile; fileRef = 0AAA95211DEB1D89008E7EA7 /* CircleView.swift */; };
		0ADDA54B1DEB824400C31F74 /* PostCell.swift in Sources */ = {isa = PBXBuildFile; fileRef = 0ADDA54A1DEB824400C31F74 /* PostCell.swift */; };
		0ADDED701DE5C6530004A63A /* FancyView.swift in Sources */ = {isa = PBXBuildFile; fileRef = 0ADDED6F1DE5C6530004A63A /* FancyView.swift */; };
		0ADDED731DE5C6DF0004A63A /* Constants.swift in Sources */ = {isa = PBXBuildFile; fileRef = 0ADDED721DE5C6DF0004A63A /* Constants.swift */; };
		0ADDED751DE5C8F60004A63A /* RoundBtn.swift in Sources */ = {isa = PBXBuildFile; fileRef = 0ADDED741DE5C8F60004A63A /* RoundBtn.swift */; };
		0ADDED771DE5CA980004A63A /* FancyField.swift in Sources */ = {isa = PBXBuildFile; fileRef = 0ADDED761DE5CA980004A63A /* FancyField.swift */; };
		0ADDED791DE5CBD60004A63A /* FancyBtn.swift in Sources */ = {isa = PBXBuildFile; fileRef = 0ADDED781DE5CBD60004A63A /* FancyBtn.swift */; };
		AD5929DDFC1D8787B78A0747 /* Pods_MeckingSocial.framework in Frameworks */ = {isa = PBXBuildFile; fileRef = 3A7D84A07C33CCB530DAE3FE /* Pods_MeckingSocial.framework */; };
/* End PBXBuildFile section */

/* Begin PBXFileReference section */
		0085A95EB0F1452DB8F9B07E /* Pods-MeckingSocial.debug.xcconfig */ = {isa = PBXFileReference; includeInIndex = 1; lastKnownFileType = text.xcconfig; name = "Pods-MeckingSocial.debug.xcconfig"; path = "Pods/Target Support Files/Pods-MeckingSocial/Pods-MeckingSocial.debug.xcconfig"; sourceTree = "<group>"; };
		0A32E9021DE9C97000DA79E1 /* FeedVC.swift */ = {isa = PBXFileReference; fileEncoding = 4; lastKnownFileType = sourcecode.swift; path = FeedVC.swift; sourceTree = "<group>"; };
		0A643BA01DE9B9F400A5BF35 /* MeckingSocial.entitlements */ = {isa = PBXFileReference; lastKnownFileType = text.plist.entitlements; path = MeckingSocial.entitlements; sourceTree = "<group>"; };
		0A8E703A1DE20A2B00147756 /* MeckingSocial.app */ = {isa = PBXFileReference; explicitFileType = wrapper.application; includeInIndex = 0; path = MeckingSocial.app; sourceTree = BUILT_PRODUCTS_DIR; };
		0A8E703D1DE20A2B00147756 /* AppDelegate.swift */ = {isa = PBXFileReference; lastKnownFileType = sourcecode.swift; path = AppDelegate.swift; sourceTree = "<group>"; };
		0A8E703F1DE20A2B00147756 /* SignInVC.swift */ = {isa = PBXFileReference; lastKnownFileType = sourcecode.swift; path = SignInVC.swift; sourceTree = "<group>"; };
		0A8E70421DE20A2B00147756 /* Base */ = {isa = PBXFileReference; lastKnownFileType = file.storyboard; name = Base; path = Base.lproj/Main.storyboard; sourceTree = "<group>"; };
		0A8E70441DE20A2B00147756 /* Assets.xcassets */ = {isa = PBXFileReference; lastKnownFileType = folder.assetcatalog; path = Assets.xcassets; sourceTree = "<group>"; };
		0A8E70471DE20A2B00147756 /* Base */ = {isa = PBXFileReference; lastKnownFileType = file.storyboard; name = Base; path = Base.lproj/LaunchScreen.storyboard; sourceTree = "<group>"; };
		0A8E70491DE20A2B00147756 /* Info.plist */ = {isa = PBXFileReference; lastKnownFileType = text.plist.xml; path = Info.plist; sourceTree = "<group>"; };
		0A8E704F1DE20ADA00147756 /* GoogleService-Info.plist */ = {isa = PBXFileReference; fileEncoding = 4; lastKnownFileType = text.plist.xml; path = "GoogleService-Info.plist"; sourceTree = "<group>"; };
		0A99E99F1DEC60B80003E288 /* DataService.swift */ = {isa = PBXFileReference; fileEncoding = 4; lastKnownFileType = sourcecode.swift; path = DataService.swift; sourceTree = "<group>"; };
		0AAA95211DEB1D89008E7EA7 /* CircleView.swift */ = {isa = PBXFileReference; fileEncoding = 4; lastKnownFileType = sourcecode.swift; path = CircleView.swift; sourceTree = "<group>"; };
		0ADDA54A1DEB824400C31F74 /* PostCell.swift */ = {isa = PBXFileReference; fileEncoding = 4; lastKnownFileType = sourcecode.swift; path = PostCell.swift; sourceTree = "<group>"; };
		0ADDED6F1DE5C6530004A63A /* FancyView.swift */ = {isa = PBXFileReference; fileEncoding = 4; lastKnownFileType = sourcecode.swift; path = FancyView.swift; sourceTree = "<group>"; };
		0ADDED721DE5C6DF0004A63A /* Constants.swift */ = {isa = PBXFileReference; fileEncoding = 4; lastKnownFileType = sourcecode.swift; path = Constants.swift; sourceTree = "<group>"; };
		0ADDED741DE5C8F60004A63A /* RoundBtn.swift */ = {isa = PBXFileReference; fileEncoding = 4; lastKnownFileType = sourcecode.swift; path = RoundBtn.swift; sourceTree = "<group>"; };
		0ADDED761DE5CA980004A63A /* FancyField.swift */ = {isa = PBXFileReference; fileEncoding = 4; lastKnownFileType = sourcecode.swift; path = FancyField.swift; sourceTree = "<group>"; };
		0ADDED781DE5CBD60004A63A /* FancyBtn.swift */ = {isa = PBXFileReference; fileEncoding = 4; lastKnownFileType = sourcecode.swift; path = FancyBtn.swift; sourceTree = "<group>"; };
		3A7D84A07C33CCB530DAE3FE /* Pods_MeckingSocial.framework */ = {isa = PBXFileReference; explicitFileType = wrapper.framework; includeInIndex = 0; path = Pods_MeckingSocial.framework; sourceTree = BUILT_PRODUCTS_DIR; };
		43557C22B65FAE70CEBEB31F /* Pods-MeckingSocial.release.xcconfig */ = {isa = PBXFileReference; includeInIndex = 1; lastKnownFileType = text.xcconfig; name = "Pods-MeckingSocial.release.xcconfig"; path = "Pods/Target Support Files/Pods-MeckingSocial/Pods-MeckingSocial.release.xcconfig"; sourceTree = "<group>"; };
/* End PBXFileReference section */

/* Begin PBXFrameworksBuildPhase section */
		0A8E70371DE20A2A00147756 /* Frameworks */ = {
			isa = PBXFrameworksBuildPhase;
			buildActionMask = 2147483647;
			files = (
				AD5929DDFC1D8787B78A0747 /* Pods_MeckingSocial.framework in Frameworks */,
			);
			runOnlyForDeploymentPostprocessing = 0;
		};
/* End PBXFrameworksBuildPhase section */

/* Begin PBXGroup section */
		0A8E70311DE20A2A00147756 = {
			isa = PBXGroup;
			children = (
				0A8E703C1DE20A2B00147756 /* MeckingSocial */,
				0A8E703B1DE20A2B00147756 /* Products */,
				75644CE5FF10EBE03517762E /* Pods */,
				C73CEAA1945B7844AA8B83FA /* Frameworks */,
			);
			sourceTree = "<group>";
		};
		0A8E703B1DE20A2B00147756 /* Products */ = {
			isa = PBXGroup;
			children = (
				0A8E703A1DE20A2B00147756 /* MeckingSocial.app */,
			);
			name = Products;
			sourceTree = "<group>";
		};
		0A8E703C1DE20A2B00147756 /* MeckingSocial */ = {
			isa = PBXGroup;
			children = (
				0A99E99E1DEC60A20003E288 /* Services */,
				0A643BA01DE9B9F400A5BF35 /* MeckingSocial.entitlements */,
				0ADDED711DE5C6CE0004A63A /* Utils */,
				0A8E70511DE20DD600147756 /* Model */,
				0A8E70531DE20DE100147756 /* View */,
				0A8E70521DE20DDB00147756 /* Controller */,
				0A8E703D1DE20A2B00147756 /* AppDelegate.swift */,
				0A8E70411DE20A2B00147756 /* Main.storyboard */,
				0A8E70441DE20A2B00147756 /* Assets.xcassets */,
				0A8E70461DE20A2B00147756 /* LaunchScreen.storyboard */,
				0A8E70491DE20A2B00147756 /* Info.plist */,
				0A8E704F1DE20ADA00147756 /* GoogleService-Info.plist */,
			);
			path = MeckingSocial;
			sourceTree = "<group>";
		};
		0A8E70511DE20DD600147756 /* Model */ = {
			isa = PBXGroup;
			children = (
			);
			name = Model;
			sourceTree = "<group>";
		};
		0A8E70521DE20DDB00147756 /* Controller */ = {
			isa = PBXGroup;
			children = (
				0A8E703F1DE20A2B00147756 /* SignInVC.swift */,
				0A32E9021DE9C97000DA79E1 /* FeedVC.swift */,
			);
			name = Controller;
			sourceTree = "<group>";
		};
		0A8E70531DE20DE100147756 /* View */ = {
			isa = PBXGroup;
			children = (
				0ADDED6F1DE5C6530004A63A /* FancyView.swift */,
				0ADDED741DE5C8F60004A63A /* RoundBtn.swift */,
				0ADDED761DE5CA980004A63A /* FancyField.swift */,
				0ADDED781DE5CBD60004A63A /* FancyBtn.swift */,
				0AAA95211DEB1D89008E7EA7 /* CircleView.swift */,
				0ADDA54A1DEB824400C31F74 /* PostCell.swift */,
			);
			name = View;
			sourceTree = "<group>";
		};
		0A99E99E1DEC60A20003E288 /* Services */ = {
			isa = PBXGroup;
			children = (
				0A99E99F1DEC60B80003E288 /* DataService.swift */,
			);
			name = Services;
			sourceTree = "<group>";
		};
		0ADDED711DE5C6CE0004A63A /* Utils */ = {
			isa = PBXGroup;
			children = (
				0ADDED721DE5C6DF0004A63A /* Constants.swift */,
			);
			name = Utils;
			sourceTree = "<group>";
		};
		75644CE5FF10EBE03517762E /* Pods */ = {
			isa = PBXGroup;
			children = (
				0085A95EB0F1452DB8F9B07E /* Pods-MeckingSocial.debug.xcconfig */,
				43557C22B65FAE70CEBEB31F /* Pods-MeckingSocial.release.xcconfig */,
			);
			name = Pods;
			sourceTree = "<group>";
		};
		C73CEAA1945B7844AA8B83FA /* Frameworks */ = {
			isa = PBXGroup;
			children = (
				3A7D84A07C33CCB530DAE3FE /* Pods_MeckingSocial.framework */,
			);
			name = Frameworks;
			sourceTree = "<group>";
		};
/* End PBXGroup section */

/* Begin PBXNativeTarget section */
		0A8E70391DE20A2A00147756 /* MeckingSocial */ = {
			isa = PBXNativeTarget;
			buildConfigurationList = 0A8E704C1DE20A2B00147756 /* Build configuration list for PBXNativeTarget "MeckingSocial" */;
			buildPhases = (
				144A3500CAE1166D15D43FFE /* [CP] Check Pods Manifest.lock */,
				0A8E70361DE20A2A00147756 /* Sources */,
				0A8E70371DE20A2A00147756 /* Frameworks */,
				0A8E70381DE20A2A00147756 /* Resources */,
				E8F64EAB16C1067345AD75F9 /* [CP] Embed Pods Frameworks */,
				133E35BAB7013F15B5FD49F9 /* [CP] Copy Pods Resources */,
			);
			buildRules = (
			);
			dependencies = (
			);
			name = MeckingSocial;
			productName = MeckingSocial;
			productReference = 0A8E703A1DE20A2B00147756 /* MeckingSocial.app */;
			productType = "com.apple.product-type.application";
		};
/* End PBXNativeTarget section */

/* Begin PBXProject section */
		0A8E70321DE20A2A00147756 /* Project object */ = {
			isa = PBXProject;
			attributes = {
				LastSwiftUpdateCheck = 0800;
				LastUpgradeCheck = 0800;
				ORGANIZATIONNAME = "Steve Mecking";
				TargetAttributes = {
					0A8E70391DE20A2A00147756 = {
						CreatedOnToolsVersion = 8.0;
						DevelopmentTeam = 2AAMEURGQN;
						ProvisioningStyle = Automatic;
						SystemCapabilities = {
							com.apple.Keychain = {
								enabled = 1;
							};
						};
					};
				};
			};
			buildConfigurationList = 0A8E70351DE20A2A00147756 /* Build configuration list for PBXProject "MeckingSocial" */;
			compatibilityVersion = "Xcode 3.2";
			developmentRegion = English;
			hasScannedForEncodings = 0;
			knownRegions = (
				en,
				Base,
			);
			mainGroup = 0A8E70311DE20A2A00147756;
			productRefGroup = 0A8E703B1DE20A2B00147756 /* Products */;
			projectDirPath = "";
			projectRoot = "";
			targets = (
				0A8E70391DE20A2A00147756 /* MeckingSocial */,
			);
		};
/* End PBXProject section */

/* Begin PBXResourcesBuildPhase section */
		0A8E70381DE20A2A00147756 /* Resources */ = {
			isa = PBXResourcesBuildPhase;
			buildActionMask = 2147483647;
			files = (
				0A8E70481DE20A2B00147756 /* LaunchScreen.storyboard in Resources */,
				0A8E70501DE20ADA00147756 /* GoogleService-Info.plist in Resources */,
				0A8E70451DE20A2B00147756 /* Assets.xcassets in Resources */,
				0A8E70431DE20A2B00147756 /* Main.storyboard in Resources */,
			);
			runOnlyForDeploymentPostprocessing = 0;
		};
/* End PBXResourcesBuildPhase section */

/* Begin PBXShellScriptBuildPhase section */
		133E35BAB7013F15B5FD49F9 /* [CP] Copy Pods Resources */ = {
			isa = PBXShellScriptBuildPhase;
			buildActionMask = 2147483647;
			files = (
			);
			inputPaths = (
			);
			name = "[CP] Copy Pods Resources";
			outputPaths = (
			);
			runOnlyForDeploymentPostprocessing = 0;
			shellPath = /bin/sh;
			shellScript = "\"${SRCROOT}/Pods/Target Support Files/Pods-MeckingSocial/Pods-MeckingSocial-resources.sh\"\n";
			showEnvVarsInLog = 0;
		};
		144A3500CAE1166D15D43FFE /* [CP] Check Pods Manifest.lock */ = {
			isa = PBXShellScriptBuildPhase;
			buildActionMask = 2147483647;
			files = (
			);
			inputPaths = (
			);
			name = "[CP] Check Pods Manifest.lock";
			outputPaths = (
			);
			runOnlyForDeploymentPostprocessing = 0;
			shellPath = /bin/sh;
			shellScript = "diff \"${PODS_ROOT}/../Podfile.lock\" \"${PODS_ROOT}/Manifest.lock\" > /dev/null\nif [ $? != 0 ] ; then\n    # print error to STDERR\n    echo \"error: The sandbox is not in sync with the Podfile.lock. Run 'pod install' or update your CocoaPods installation.\" >&2\n    exit 1\nfi\n";
			showEnvVarsInLog = 0;
		};
		E8F64EAB16C1067345AD75F9 /* [CP] Embed Pods Frameworks */ = {
			isa = PBXShellScriptBuildPhase;
			buildActionMask = 2147483647;
			files = (
			);
			inputPaths = (
			);
			name = "[CP] Embed Pods Frameworks";
			outputPaths = (
			);
			runOnlyForDeploymentPostprocessing = 0;
			shellPath = /bin/sh;
			shellScript = "\"${SRCROOT}/Pods/Target Support Files/Pods-MeckingSocial/Pods-MeckingSocial-frameworks.sh\"\n";
			showEnvVarsInLog = 0;
		};
/* End PBXShellScriptBuildPhase section */

/* Begin PBXSourcesBuildPhase section */
		0A8E70361DE20A2A00147756 /* Sources */ = {
			isa = PBXSourcesBuildPhase;
			buildActionMask = 2147483647;
			files = (
				0AAA95221DEB1D89008E7EA7 /* CircleView.swift in Sources */,
				0ADDED771DE5CA980004A63A /* FancyField.swift in Sources */,
				0A8E70401DE20A2B00147756 /* SignInVC.swift in Sources */,
				0ADDED751DE5C8F60004A63A /* RoundBtn.swift in Sources */,
				0A8E703E1DE20A2B00147756 /* AppDelegate.swift in Sources */,
				0A99E9A01DEC60B80003E288 /* DataService.swift in Sources */,
				0A32E9031DE9C97000DA79E1 /* FeedVC.swift in Sources */,
				0ADDED701DE5C6530004A63A /* FancyView.swift in Sources */,
				0ADDED731DE5C6DF0004A63A /* Constants.swift in Sources */,
				0ADDED791DE5CBD60004A63A /* FancyBtn.swift in Sources */,
				0ADDA54B1DEB824400C31F74 /* PostCell.swift in Sources */,
			);
			runOnlyForDeploymentPostprocessing = 0;
		};
/* End PBXSourcesBuildPhase section */

/* Begin PBXVariantGroup section */
		0A8E70411DE20A2B00147756 /* Main.storyboard */ = {
			isa = PBXVariantGroup;
			children = (
				0A8E70421DE20A2B00147756 /* Base */,
			);
			name = Main.storyboard;
			sourceTree = "<group>";
		};
		0A8E70461DE20A2B00147756 /* LaunchScreen.storyboard */ = {
			isa = PBXVariantGroup;
			children = (
				0A8E70471DE20A2B00147756 /* Base */,
			);
			name = LaunchScreen.storyboard;
			sourceTree = "<group>";
		};
/* End PBXVariantGroup section */

/* Begin XCBuildConfiguration section */
		0A8E704A1DE20A2B00147756 /* Debug */ = {
			isa = XCBuildConfiguration;
			buildSettings = {
				ALWAYS_SEARCH_USER_PATHS = NO;
				CLANG_ANALYZER_NONNULL = YES;
				CLANG_CXX_LANGUAGE_STANDARD = "gnu++0x";
				CLANG_CXX_LIBRARY = "libc++";
				CLANG_ENABLE_MODULES = YES;
				CLANG_ENABLE_OBJC_ARC = YES;
				CLANG_WARN_BOOL_CONVERSION = YES;
				CLANG_WARN_CONSTANT_CONVERSION = YES;
				CLANG_WARN_DIRECT_OBJC_ISA_USAGE = YES_ERROR;
				CLANG_WARN_DOCUMENTATION_COMMENTS = YES;
				CLANG_WARN_EMPTY_BODY = YES;
				CLANG_WARN_ENUM_CONVERSION = YES;
				CLANG_WARN_INFINITE_RECURSION = YES;
				CLANG_WARN_INT_CONVERSION = YES;
				CLANG_WARN_OBJC_ROOT_CLASS = YES_ERROR;
				CLANG_WARN_SUSPICIOUS_MOVE = YES;
				CLANG_WARN_SUSPICIOUS_MOVES = YES;
				CLANG_WARN_UNREACHABLE_CODE = YES;
				CLANG_WARN__DUPLICATE_METHOD_MATCH = YES;
				"CODE_SIGN_IDENTITY[sdk=iphoneos*]" = "iPhone Developer";
				COPY_PHASE_STRIP = NO;
				DEBUG_INFORMATION_FORMAT = dwarf;
				ENABLE_STRICT_OBJC_MSGSEND = YES;
				ENABLE_TESTABILITY = YES;
				GCC_C_LANGUAGE_STANDARD = gnu99;
				GCC_DYNAMIC_NO_PIC = NO;
				GCC_NO_COMMON_BLOCKS = YES;
				GCC_OPTIMIZATION_LEVEL = 0;
				GCC_PREPROCESSOR_DEFINITIONS = (
					"DEBUG=1",
					"$(inherited)",
				);
				GCC_WARN_64_TO_32_BIT_CONVERSION = YES;
				GCC_WARN_ABOUT_RETURN_TYPE = YES_ERROR;
				GCC_WARN_UNDECLARED_SELECTOR = YES;
				GCC_WARN_UNINITIALIZED_AUTOS = YES_AGGRESSIVE;
				GCC_WARN_UNUSED_FUNCTION = YES;
				GCC_WARN_UNUSED_VARIABLE = YES;
				IPHONEOS_DEPLOYMENT_TARGET = 10.0;
				MTL_ENABLE_DEBUG_INFO = YES;
				ONLY_ACTIVE_ARCH = YES;
				SDKROOT = iphoneos;
				SWIFT_ACTIVE_COMPILATION_CONDITIONS = DEBUG;
				SWIFT_OPTIMIZATION_LEVEL = "-Onone";
				TARGETED_DEVICE_FAMILY = "1,2";
			};
			name = Debug;
		};
		0A8E704B1DE20A2B00147756 /* Release */ = {
			isa = XCBuildConfiguration;
			buildSettings = {
				ALWAYS_SEARCH_USER_PATHS = NO;
				CLANG_ANALYZER_NONNULL = YES;
				CLANG_CXX_LANGUAGE_STANDARD = "gnu++0x";
				CLANG_CXX_LIBRARY = "libc++";
				CLANG_ENABLE_MODULES = YES;
				CLANG_ENABLE_OBJC_ARC = YES;
				CLANG_WARN_BOOL_CONVERSION = YES;
				CLANG_WARN_CONSTANT_CONVERSION = YES;
				CLANG_WARN_DIRECT_OBJC_ISA_USAGE = YES_ERROR;
				CLANG_WARN_DOCUMENTATION_COMMENTS = YES;
				CLANG_WARN_EMPTY_BODY = YES;
				CLANG_WARN_ENUM_CONVERSION = YES;
				CLANG_WARN_INFINITE_RECURSION = YES;
				CLANG_WARN_INT_CONVERSION = YES;
				CLANG_WARN_OBJC_ROOT_CLASS = YES_ERROR;
				CLANG_WARN_SUSPICIOUS_MOVE = YES;
				CLANG_WARN_SUSPICIOUS_MOVES = YES;
				CLANG_WARN_UNREACHABLE_CODE = YES;
				CLANG_WARN__DUPLICATE_METHOD_MATCH = YES;
				"CODE_SIGN_IDENTITY[sdk=iphoneos*]" = "iPhone Developer";
				COPY_PHASE_STRIP = NO;
				DEBUG_INFORMATION_FORMAT = "dwarf-with-dsym";
				ENABLE_NS_ASSERTIONS = NO;
				ENABLE_STRICT_OBJC_MSGSEND = YES;
				GCC_C_LANGUAGE_STANDARD = gnu99;
				GCC_NO_COMMON_BLOCKS = YES;
				GCC_WARN_64_TO_32_BIT_CONVERSION = YES;
				GCC_WARN_ABOUT_RETURN_TYPE = YES_ERROR;
				GCC_WARN_UNDECLARED_SELECTOR = YES;
				GCC_WARN_UNINITIALIZED_AUTOS = YES_AGGRESSIVE;
				GCC_WARN_UNUSED_FUNCTION = YES;
				GCC_WARN_UNUSED_VARIABLE = YES;
				IPHONEOS_DEPLOYMENT_TARGET = 10.0;
				MTL_ENABLE_DEBUG_INFO = NO;
				SDKROOT = iphoneos;
				SWIFT_OPTIMIZATION_LEVEL = "-Owholemodule";
				TARGETED_DEVICE_FAMILY = "1,2";
				VALIDATE_PRODUCT = YES;
			};
			name = Release;
		};
		0A8E704D1DE20A2B00147756 /* Debug */ = {
			isa = XCBuildConfiguration;
			baseConfigurationReference = 0085A95EB0F1452DB8F9B07E /* Pods-MeckingSocial.debug.xcconfig */;
			buildSettings = {
				ALWAYS_EMBED_SWIFT_STANDARD_LIBRARIES = YES;
				ASSETCATALOG_COMPILER_APPICON_NAME = AppIcon;
				CODE_SIGN_ENTITLEMENTS = MeckingSocial/MeckingSocial.entitlements;
				DEVELOPMENT_TEAM = 2AAMEURGQN;
				INFOPLIST_FILE = MeckingSocial/Info.plist;
				LD_RUNPATH_SEARCH_PATHS = "$(inherited) @executable_path/Frameworks";
				PRODUCT_BUNDLE_IDENTIFIER = Frawst.MeckingSocial;
				PRODUCT_NAME = "$(TARGET_NAME)";
				SWIFT_VERSION = 3.0;
			};
			name = Debug;
		};
		0A8E704E1DE20A2B00147756 /* Release */ = {
			isa = XCBuildConfiguration;
			baseConfigurationReference = 43557C22B65FAE70CEBEB31F /* Pods-MeckingSocial.release.xcconfig */;
			buildSettings = {
				ALWAYS_EMBED_SWIFT_STANDARD_LIBRARIES = YES;
				ASSETCATALOG_COMPILER_APPICON_NAME = AppIcon;
				CODE_SIGN_ENTITLEMENTS = MeckingSocial/MeckingSocial.entitlements;
				DEVELOPMENT_TEAM = 2AAMEURGQN;
				INFOPLIST_FILE = MeckingSocial/Info.plist;
				LD_RUNPATH_SEARCH_PATHS = "$(inherited) @executable_path/Frameworks";
				PRODUCT_BUNDLE_IDENTIFIER = Frawst.MeckingSocial;
				PRODUCT_NAME = "$(TARGET_NAME)";
				SWIFT_VERSION = 3.0;
			};
			name = Release;
		};
/* End XCBuildConfiguration section */

/* Begin XCConfigurationList section */
		0A8E70351DE20A2A00147756 /* Build configuration list for PBXProject "MeckingSocial" */ = {
			isa = XCConfigurationList;
			buildConfigurations = (
				0A8E704A1DE20A2B00147756 /* Debug */,
				0A8E704B1DE20A2B00147756 /* Release */,
			);
			defaultConfigurationIsVisible = 0;
			defaultConfigurationName = Release;
		};
		0A8E704C1DE20A2B00147756 /* Build configuration list for PBXNativeTarget "MeckingSocial" */ = {
			isa = XCConfigurationList;
			buildConfigurations = (
				0A8E704D1DE20A2B00147756 /* Debug */,
				0A8E704E1DE20A2B00147756 /* Release */,
			);
			defaultConfigurationIsVisible = 0;
			defaultConfigurationName = Release;
		};
/* End XCConfigurationList section */
	};
	rootObject = 0A8E70321DE20A2A00147756 /* Project object */;
}
